
Microsoft Visual Studio Solution File, Format Version 12.00
# Visual Studio Version 17
VisualStudioVersion = 17.9.34728.123
MinimumVisualStudioVersion = 10.0.40219.1
Project("{F2A71F9B-5D33-465A-A702-920D77279786}") = "READ_EXCEL_F", "READ_EXCEL_F\READ_EXCEL_F.fsproj", "{58DBE41F-776A-45FB-86D4-22F033168665}"
EndProject
Global
	GlobalSection(SolutionConfigurationPlatforms) = preSolution
		Debug|Any CPU = Debug|Any CPU
		Release|Any CPU = Release|Any CPU
	EndGlobalSection
	GlobalSection(ProjectConfigurationPlatforms) = postSolution
		{58DBE41F-776A-45FB-86D4-22F033168665}.Debug|Any CPU.ActiveCfg = Debug|Any CPU
		{58DBE41F-776A-45FB-86D4-22F033168665}.Debug|Any CPU.Build.0 = Debug|Any CPU
		{58DBE41F-776A-45FB-86D4-22F033168665}.Release|Any CPU.ActiveCfg = Release|Any CPU
		{58DBE41F-776A-45FB-86D4-22F033168665}.Release|Any CPU.Build.0 = Release|Any CPU
	EndGlobalSection
	GlobalSection(SolutionProperties) = preSolution
		HideSolutionNode = FALSE
	EndGlobalSection
	GlobalSection(ExtensibilityGlobals) = postSolution
		SolutionGuid = {E96A5FEA-23B7-4CDB-BDB7-6C1C03ADF5EF}
	EndGlobalSection
EndGlobal
